// !$*UTF8*$!
{
	archiveVersion = 1;
	classes = {
	};
	objectVersion = 55;
	objects = {

/* Begin PBXBuildFile section */
		3E73B69327582267000B2D89 /* AppDelegate.swift in Sources */ = {isa = PBXBuildFile; fileRef = 3E73B69227582267000B2D89 /* AppDelegate.swift */; };
		3E73B69527582267000B2D89 /* SceneDelegate.swift in Sources */ = {isa = PBXBuildFile; fileRef = 3E73B69427582267000B2D89 /* SceneDelegate.swift */; };
		3E73B69727582267000B2D89 /* ViewController.swift in Sources */ = {isa = PBXBuildFile; fileRef = 3E73B69627582267000B2D89 /* ViewController.swift */; };
		3E73B69A27582267000B2D89 /* Main.storyboard in Resources */ = {isa = PBXBuildFile; fileRef = 3E73B69827582267000B2D89 /* Main.storyboard */; };
		3E73B69C27582269000B2D89 /* Assets.xcassets in Resources */ = {isa = PBXBuildFile; fileRef = 3E73B69B27582269000B2D89 /* Assets.xcassets */; };
		3E73B69F27582269000B2D89 /* LaunchScreen.storyboard in Resources */ = {isa = PBXBuildFile; fileRef = 3E73B69D27582269000B2D89 /* LaunchScreen.storyboard */; };
		3E73B6AA27582269000B2D89 /* flixAppTests.swift in Sources */ = {isa = PBXBuildFile; fileRef = 3E73B6A927582269000B2D89 /* flixAppTests.swift */; };
		3E73B6B427582269000B2D89 /* flixAppUITests.swift in Sources */ = {isa = PBXBuildFile; fileRef = 3E73B6B327582269000B2D89 /* flixAppUITests.swift */; };
		3E73B6B627582269000B2D89 /* flixAppUITestsLaunchTests.swift in Sources */ = {isa = PBXBuildFile; fileRef = 3E73B6B527582269000B2D89 /* flixAppUITestsLaunchTests.swift */; };
/* End PBXBuildFile section */

/* Begin PBXContainerItemProxy section */
		3E73B6A627582269000B2D89 /* PBXContainerItemProxy */ = {
			isa = PBXContainerItemProxy;
			containerPortal = 3E73B68727582267000B2D89 /* Project object */;
			proxyType = 1;
			remoteGlobalIDString = 3E73B68E27582267000B2D89;
			remoteInfo = flixApp;
		};
		3E73B6B027582269000B2D89 /* PBXContainerItemProxy */ = {
			isa = PBXContainerItemProxy;
			containerPortal = 3E73B68727582267000B2D89 /* Project object */;
			proxyType = 1;
			remoteGlobalIDString = 3E73B68E27582267000B2D89;
			remoteInfo = flixApp;
		};
/* End PBXContainerItemProxy section */

/* Begin PBXFileReference section */
		3E73B68F27582267000B2D89 /* flixApp.app */ = {isa = PBXFileReference; explicitFileType = wrapper.application; includeInIndex = 0; path = flixApp.app; sourceTree = BUILT_PRODUCTS_DIR; };
		3E73B69227582267000B2D89 /* AppDelegate.swift */ = {isa = PBXFileReference; lastKnownFileType = sourcecode.swift; path = AppDelegate.swift; sourceTree = "<group>"; };
		3E73B69427582267000B2D89 /* SceneDelegate.swift */ = {isa = PBXFileReference; lastKnownFileType = sourcecode.swift; path = SceneDelegate.swift; sourceTree = "<group>"; };
		3E73B69627582267000B2D89 /* ViewController.swift */ = {isa = PBXFileReference; lastKnownFileType = sourcecode.swift; path = ViewController.swift; sourceTree = "<group>"; };
		3E73B69927582267000B2D89 /* Base */ = {isa = PBXFileReference; lastKnownFileType = file.storyboard; name = Base; path = Base.lproj/Main.storyboard; sourceTree = "<group>"; };
		3E73B69B27582269000B2D89 /* Assets.xcassets */ = {isa = PBXFileReference; lastKnownFileType = folder.assetcatalog; path = Assets.xcassets; sourceTree = "<group>"; };
		3E73B69E27582269000B2D89 /* Base */ = {isa = PBXFileReference; lastKnownFileType = file.storyboard; name = Base; path = Base.lproj/LaunchScreen.storyboard; sourceTree = "<group>"; };
		3E73B6A027582269000B2D89 /* Info.plist */ = {isa = PBXFileReference; lastKnownFileType = text.plist.xml; path = Info.plist; sourceTree = "<group>"; };
		3E73B6A527582269000B2D89 /* flixAppTests.xctest */ = {isa = PBXFileReference; explicitFileType = wrapper.cfbundle; includeInIndex = 0; path = flixAppTests.xctest; sourceTree = BUILT_PRODUCTS_DIR; };
		3E73B6A927582269000B2D89 /* flixAppTests.swift */ = {isa = PBXFileReference; lastKnownFileType = sourcecode.swift; path = flixAppTests.swift; sourceTree = "<group>"; };
		3E73B6AF27582269000B2D89 /* flixAppUITests.xctest */ = {isa = PBXFileReference; explicitFileType = wrapper.cfbundle; includeInIndex = 0; path = flixAppUITests.xctest; sourceTree = BUILT_PRODUCTS_DIR; };
		3E73B6B327582269000B2D89 /* flixAppUITests.swift */ = {isa = PBXFileReference; lastKnownFileType = sourcecode.swift; path = flixAppUITests.swift; sourceTree = "<group>"; };
		3E73B6B527582269000B2D89 /* flixAppUITestsLaunchTests.swift */ = {isa = PBXFileReference; lastKnownFileType = sourcecode.swift; path = flixAppUITestsLaunchTests.swift; sourceTree = "<group>"; };
/* End PBXFileReference section */

/* Begin PBXFrameworksBuildPhase section */
		3E73B68C27582267000B2D89 /* Frameworks */ = {
			isa = PBXFrameworksBuildPhase;
			buildActionMask = 2147483647;
			files = (
			);
			runOnlyForDeploymentPostprocessing = 0;
		};
		3E73B6A227582269000B2D89 /* Frameworks */ = {
			isa = PBXFrameworksBuildPhase;
			buildActionMask = 2147483647;
			files = (
			);
			runOnlyForDeploymentPostprocessing = 0;
		};
		3E73B6AC27582269000B2D89 /* Frameworks */ = {
			isa = PBXFrameworksBuildPhase;
			buildActionMask = 2147483647;
			files = (
			);
			runOnlyForDeploymentPostprocessing = 0;
		};
/* End PBXFrameworksBuildPhase section */

/* Begin PBXGroup section */
		3E73B68627582267000B2D89 = {
			isa = PBXGroup;
			children = (
				3E73B69127582267000B2D89 /* flixApp */,
				3E73B6A827582269000B2D89 /* flixAppTests */,
				3E73B6B227582269000B2D89 /* flixAppUITests */,
				3E73B69027582267000B2D89 /* Products */,
			);
			sourceTree = "<group>";
		};
		3E73B69027582267000B2D89 /* Products */ = {
			isa = PBXGroup;
			children = (
				3E73B68F27582267000B2D89 /* flixApp.app */,
				3E73B6A527582269000B2D89 /* flixAppTests.xctest */,
				3E73B6AF27582269000B2D89 /* flixAppUITests.xctest */,
			);
			name = Products;
			sourceTree = "<group>";
		};
		3E73B69127582267000B2D89 /* flixApp */ = {
			isa = PBXGroup;
			children = (
				3E73B69227582267000B2D89 /* AppDelegate.swift */,
				3E73B69427582267000B2D89 /* SceneDelegate.swift */,
				3E73B69627582267000B2D89 /* ViewController.swift */,
				3E73B69827582267000B2D89 /* Main.storyboard */,
				3E73B69B27582269000B2D89 /* Assets.xcassets */,
				3E73B69D27582269000B2D89 /* LaunchScreen.storyboard */,
				3E73B6A027582269000B2D89 /* Info.plist */,
			);
			path = flixApp;
			sourceTree = "<group>";
		};
		3E73B6A827582269000B2D89 /* flixAppTests */ = {
			isa = PBXGroup;
			children = (
				3E73B6A927582269000B2D89 /* flixAppTests.swift */,
			);
			path = flixAppTests;
			sourceTree = "<group>";
		};
		3E73B6B227582269000B2D89 /* flixAppUITests */ = {
			isa = PBXGroup;
			children = (
				3E73B6B327582269000B2D89 /* flixAppUITests.swift */,
				3E73B6B527582269000B2D89 /* flixAppUITestsLaunchTests.swift */,
			);
			path = flixAppUITests;
			sourceTree = "<group>";
		};
/* End PBXGroup section */

/* Begin PBXNativeTarget section */
		3E73B68E27582267000B2D89 /* flixApp */ = {
			isa = PBXNativeTarget;
			buildConfigurationList = 3E73B6B927582269000B2D89 /* Build configuration list for PBXNativeTarget "flixApp" */;
			buildPhases = (
				3E73B68B27582267000B2D89 /* Sources */,
				3E73B68C27582267000B2D89 /* Frameworks */,
				3E73B68D27582267000B2D89 /* Resources */,
			);
			buildRules = (
			);
			dependencies = (
			);
			name = flixApp;
			productName = flixApp;
			productReference = 3E73B68F27582267000B2D89 /* flixApp.app */;
			productType = "com.apple.product-type.application";
		};
		3E73B6A427582269000B2D89 /* flixAppTests */ = {
			isa = PBXNativeTarget;
			buildConfigurationList = 3E73B6BC27582269000B2D89 /* Build configuration list for PBXNativeTarget "flixAppTests" */;
			buildPhases = (
				3E73B6A127582269000B2D89 /* Sources */,
				3E73B6A227582269000B2D89 /* Frameworks */,
				3E73B6A327582269000B2D89 /* Resources */,
			);
			buildRules = (
			);
			dependencies = (
				3E73B6A727582269000B2D89 /* PBXTargetDependency */,
			);
			name = flixAppTests;
			productName = flixAppTests;
			productReference = 3E73B6A527582269000B2D89 /* flixAppTests.xctest */;
			productType = "com.apple.product-type.bundle.unit-test";
		};
		3E73B6AE27582269000B2D89 /* flixAppUITests */ = {
			isa = PBXNativeTarget;
			buildConfigurationList = 3E73B6BF27582269000B2D89 /* Build configuration list for PBXNativeTarget "flixAppUITests" */;
			buildPhases = (
				3E73B6AB27582269000B2D89 /* Sources */,
				3E73B6AC27582269000B2D89 /* Frameworks */,
				3E73B6AD27582269000B2D89 /* Resources */,
			);
			buildRules = (
			);
			dependencies = (
				3E73B6B127582269000B2D89 /* PBXTargetDependency */,
			);
			name = flixAppUITests;
			productName = flixAppUITests;
			productReference = 3E73B6AF27582269000B2D89 /* flixAppUITests.xctest */;
			productType = "com.apple.product-type.bundle.ui-testing";
		};
/* End PBXNativeTarget section */

/* Begin PBXProject section */
		3E73B68727582267000B2D89 /* Project object */ = {
			isa = PBXProject;
			attributes = {
				BuildIndependentTargetsInParallel = 1;
				LastSwiftUpdateCheck = 1310;
				LastUpgradeCheck = 1310;
				TargetAttributes = {
					3E73B68E27582267000B2D89 = {
						CreatedOnToolsVersion = 13.1;
					};
					3E73B6A427582269000B2D89 = {
						CreatedOnToolsVersion = 13.1;
						TestTargetID = 3E73B68E27582267000B2D89;
					};
					3E73B6AE27582269000B2D89 = {
						CreatedOnToolsVersion = 13.1;
						TestTargetID = 3E73B68E27582267000B2D89;
					};
				};
			};
			buildConfigurationList = 3E73B68A27582267000B2D89 /* Build configuration list for PBXProject "flixApp" */;
			compatibilityVersion = "Xcode 13.0";
			developmentRegion = en;
			hasScannedForEncodings = 0;
			knownRegions = (
				en,
				Base,
			);
			mainGroup = 3E73B68627582267000B2D89;
			productRefGroup = 3E73B69027582267000B2D89 /* Products */;
			projectDirPath = "";
			projectRoot = "";
			targets = (
				3E73B68E27582267000B2D89 /* flixApp */,
				3E73B6A427582269000B2D89 /* flixAppTests */,
				3E73B6AE27582269000B2D89 /* flixAppUITests */,
			);
		};
/* End PBXProject section */

/* Begin PBXResourcesBuildPhase section */
		3E73B68D27582267000B2D89 /* Resources */ = {
			isa = PBXResourcesBuildPhase;
			buildActionMask = 2147483647;
			files = (
				3E73B69F27582269000B2D89 /* LaunchScreen.storyboard in Resources */,
				3E73B69C27582269000B2D89 /* Assets.xcassets in Resources */,
				3E73B69A27582267000B2D89 /* Main.storyboard in Resources */,
			);
			runOnlyForDeploymentPostprocessing = 0;
		};
		3E73B6A327582269000B2D89 /* Resources */ = {
			isa = PBXResourcesBuildPhase;
			buildActionMask = 2147483647;
			files = (
			);
			runOnlyForDeploymentPostprocessing = 0;
		};
		3E73B6AD27582269000B2D89 /* Resources */ = {
			isa = PBXResourcesBuildPhase;
			buildActionMask = 2147483647;
			files = (
			);
			runOnlyForDeploymentPostprocessing = 0;
		};
/* End PBXResourcesBuildPhase section */

/* Begin PBXSourcesBuildPhase section */
		3E73B68B27582267000B2D89 /* Sources */ = {
			isa = PBXSourcesBuildPhase;
			buildActionMask = 2147483647;
			files = (
				3E73B69727582267000B2D89 /* ViewController.swift in Sources */,
				3E73B69327582267000B2D89 /* AppDelegate.swift in Sources */,
				3E73B69527582267000B2D89 /* SceneDelegate.swift in Sources */,
			);
			runOnlyForDeploymentPostprocessing = 0;
		};
		3E73B6A127582269000B2D89 /* Sources */ = {
			isa = PBXSourcesBuildPhase;
			buildActionMask = 2147483647;
			files = (
				3E73B6AA27582269000B2D89 /* flixAppTests.swift in Sources */,
			);
			runOnlyForDeploymentPostprocessing = 0;
		};
		3E73B6AB27582269000B2D89 /* Sources */ = {
			isa = PBXSourcesBuildPhase;
			buildActionMask = 2147483647;
			files = (
				3E73B6B427582269000B2D89 /* flixAppUITests.swift in Sources */,
				3E73B6B627582269000B2D89 /* flixAppUITestsLaunchTests.swift in Sources */,
			);
			runOnlyForDeploymentPostprocessing = 0;
		};
/* End PBXSourcesBuildPhase section */

/* Begin PBXTargetDependency section */
		3E73B6A727582269000B2D89 /* PBXTargetDependency */ = {
			isa = PBXTargetDependency;
			target = 3E73B68E27582267000B2D89 /* flixApp */;
			targetProxy = 3E73B6A627582269000B2D89 /* PBXContainerItemProxy */;
		};
		3E73B6B127582269000B2D89 /* PBXTargetDependency */ = {
			isa = PBXTargetDependency;
			target = 3E73B68E27582267000B2D89 /* flixApp */;
			targetProxy = 3E73B6B027582269000B2D89 /* PBXContainerItemProxy */;
		};
/* End PBXTargetDependency section */

/* Begin PBXVariantGroup section */
		3E73B69827582267000B2D89 /* Main.storyboard */ = {
			isa = PBXVariantGroup;
			children = (
				3E73B69927582267000B2D89 /* Base */,
			);
			name = Main.storyboard;
			sourceTree = "<group>";
		};
		3E73B69D27582269000B2D89 /* LaunchScreen.storyboard */ = {
			isa = PBXVariantGroup;
			children = (
				3E73B69E27582269000B2D89 /* Base */,
			);
			name = LaunchScreen.storyboard;
			sourceTree = "<group>";
		};
/* End PBXVariantGroup section */

/* Begin XCBuildConfiguration section */
		3E73B6B727582269000B2D89 /* Debug */ = {
			isa = XCBuildConfiguration;
			buildSettings = {
				ALWAYS_SEARCH_USER_PATHS = NO;
				CLANG_ANALYZER_NONNULL = YES;
				CLANG_ANALYZER_NUMBER_OBJECT_CONVERSION = YES_AGGRESSIVE;
				CLANG_CXX_LANGUAGE_STANDARD = "gnu++17";
				CLANG_CXX_LIBRARY = "libc++";
				CLANG_ENABLE_MODULES = YES;
				CLANG_ENABLE_OBJC_ARC = YES;
				CLANG_ENABLE_OBJC_WEAK = YES;
				CLANG_WARN_BLOCK_CAPTURE_AUTORELEASING = YES;
				CLANG_WARN_BOOL_CONVERSION = YES;
				CLANG_WARN_COMMA = YES;
				CLANG_WARN_CONSTANT_CONVERSION = YES;
				CLANG_WARN_DEPRECATED_OBJC_IMPLEMENTATIONS = YES;
				CLANG_WARN_DIRECT_OBJC_ISA_USAGE = YES_ERROR;
				CLANG_WARN_DOCUMENTATION_COMMENTS = YES;
				CLANG_WARN_EMPTY_BODY = YES;
				CLANG_WARN_ENUM_CONVERSION = YES;
				CLANG_WARN_INFINITE_RECURSION = YES;
				CLANG_WARN_INT_CONVERSION = YES;
				CLANG_WARN_NON_LITERAL_NULL_CONVERSION = YES;
				CLANG_WARN_OBJC_IMPLICIT_RETAIN_SELF = YES;
				CLANG_WARN_OBJC_LITERAL_CONVERSION = YES;
				CLANG_WARN_OBJC_ROOT_CLASS = YES_ERROR;
				CLANG_WARN_QUOTED_INCLUDE_IN_FRAMEWORK_HEADER = YES;
				CLANG_WARN_RANGE_LOOP_ANALYSIS = YES;
				CLANG_WARN_STRICT_PROTOTYPES = YES;
				CLANG_WARN_SUSPICIOUS_MOVE = YES;
				CLANG_WARN_UNGUARDED_AVAILABILITY = YES_AGGRESSIVE;
				CLANG_WARN_UNREACHABLE_CODE = YES;
				CLANG_WARN__DUPLICATE_METHOD_MATCH = YES;
				COPY_PHASE_STRIP = NO;
				DEBUG_INFORMATION_FORMAT = dwarf;
				ENABLE_STRICT_OBJC_MSGSEND = YES;
				ENABLE_TESTABILITY = YES;
				GCC_C_LANGUAGE_STANDARD = gnu11;
				GCC_DYNAMIC_NO_PIC = NO;
				GCC_NO_COMMON_BLOCKS = YES;
				GCC_OPTIMIZATION_LEVEL = 0;
				GCC_PREPROCESSOR_DEFINITIONS = (
					"DEBUG=1",
					"$(inherited)",
				);
				GCC_WARN_64_TO_32_BIT_CONVERSION = YES;
				GCC_WARN_ABOUT_RETURN_TYPE = YES_ERROR;
				GCC_WARN_UNDECLARED_SELECTOR = YES;
				GCC_WARN_UNINITIALIZED_AUTOS = YES_AGGRESSIVE;
				GCC_WARN_UNUSED_FUNCTION = YES;
				GCC_WARN_UNUSED_VARIABLE = YES;
				IPHONEOS_DEPLOYMENT_TARGET = 15.0;
				MTL_ENABLE_DEBUG_INFO = INCLUDE_SOURCE;
				MTL_FAST_MATH = YES;
				ONLY_ACTIVE_ARCH = YES;
				SDKROOT = iphoneos;
				SWIFT_ACTIVE_COMPILATION_CONDITIONS = DEBUG;
				SWIFT_OPTIMIZATION_LEVEL = "-Onone";
			};
			name = Debug;
		};
		3E73B6B827582269000B2D89 /* Release */ = {
			isa = XCBuildConfiguration;
			buildSettings = {
				ALWAYS_SEARCH_USER_PATHS = NO;
				CLANG_ANALYZER_NONNULL = YES;
				CLANG_ANALYZER_NUMBER_OBJECT_CONVERSION = YES_AGGRESSIVE;
				CLANG_CXX_LANGUAGE_STANDARD = "gnu++17";
				CLANG_CXX_LIBRARY = "libc++";
				CLANG_ENABLE_MODULES = YES;
				CLANG_ENABLE_OBJC_ARC = YES;
				CLANG_ENABLE_OBJC_WEAK = YES;
				CLANG_WARN_BLOCK_CAPTURE_AUTORELEASING = YES;
				CLANG_WARN_BOOL_CONVERSION = YES;
				CLANG_WARN_COMMA = YES;
				CLANG_WARN_CONSTANT_CONVERSION = YES;
				CLANG_WARN_DEPRECATED_OBJC_IMPLEMENTATIONS = YES;
				CLANG_WARN_DIRECT_OBJC_ISA_USAGE = YES_ERROR;
				CLANG_WARN_DOCUMENTATION_COMMENTS = YES;
				CLANG_WARN_EMPTY_BODY = YES;
				CLANG_WARN_ENUM_CONVERSION = YES;
				CLANG_WARN_INFINITE_RECURSION = YES;
				CLANG_WARN_INT_CONVERSION = YES;
				CLANG_WARN_NON_LITERAL_NULL_CONVERSION = YES;
				CLANG_WARN_OBJC_IMPLICIT_RETAIN_SELF = YES;
				CLANG_WARN_OBJC_LITERAL_CONVERSION = YES;
				CLANG_WARN_OBJC_ROOT_CLASS = YES_ERROR;
				CLANG_WARN_QUOTED_INCLUDE_IN_FRAMEWORK_HEADER = YES;
				CLANG_WARN_RANGE_LOOP_ANALYSIS = YES;
				CLANG_WARN_STRICT_PROTOTYPES = YES;
				CLANG_WARN_SUSPICIOUS_MOVE = YES;
				CLANG_WARN_UNGUARDED_AVAILABILITY = YES_AGGRESSIVE;
				CLANG_WARN_UNREACHABLE_CODE = YES;
				CLANG_WARN__DUPLICATE_METHOD_MATCH = YES;
				COPY_PHASE_STRIP = NO;
				DEBUG_INFORMATION_FORMAT = "dwarf-with-dsym";
				ENABLE_NS_ASSERTIONS = NO;
				ENABLE_STRICT_OBJC_MSGSEND = YES;
				GCC_C_LANGUAGE_STANDARD = gnu11;
				GCC_NO_COMMON_BLOCKS = YES;
				GCC_WARN_64_TO_32_BIT_CONVERSION = YES;
				GCC_WARN_ABOUT_RETURN_TYPE = YES_ERROR;
				GCC_WARN_UNDECLARED_SELECTOR = YES;
				GCC_WARN_UNINITIALIZED_AUTOS = YES_AGGRESSIVE;
				GCC_WARN_UNUSED_FUNCTION = YES;
				GCC_WARN_UNUSED_VARIABLE = YES;
				IPHONEOS_DEPLOYMENT_TARGET = 15.0;
				MTL_ENABLE_DEBUG_INFO = NO;
				MTL_FAST_MATH = YES;
				SDKROOT = iphoneos;
				SWIFT_COMPILATION_MODE = wholemodule;
				SWIFT_OPTIMIZATION_LEVEL = "-O";
				VALIDATE_PRODUCT = YES;
			};
			name = Release;
		};
		3E73B6BA27582269000B2D89 /* Debug */ = {
			isa = XCBuildConfiguration;
			buildSettings = {
				ASSETCATALOG_COMPILER_APPICON_NAME = AppIcon;
				ASSETCATALOG_COMPILER_GLOBAL_ACCENT_COLOR_NAME = AccentColor;
				CODE_SIGN_STYLE = Automatic;
				CURRENT_PROJECT_VERSION = 1;
				DEVELOPMENT_TEAM = BZ49HJ6882;
				GENERATE_INFOPLIST_FILE = YES;
				INFOPLIST_FILE = flixApp/Info.plist;
				INFOPLIST_KEY_UIApplicationSupportsIndirectInputEvents = YES;
				INFOPLIST_KEY_UILaunchStoryboardName = LaunchScreen;
				INFOPLIST_KEY_UIMainStoryboardFile = Main;
				INFOPLIST_KEY_UISupportedInterfaceOrientations_iPad = "UIInterfaceOrientationPortrait UIInterfaceOrientationPortraitUpsideDown UIInterfaceOrientationLandscapeLeft UIInterfaceOrientationLandscapeRight";
				INFOPLIST_KEY_UISupportedInterfaceOrientations_iPhone = "UIInterfaceOrientationPortrait UIInterfaceOrientationLandscapeLeft UIInterfaceOrientationLandscapeRight";
				LD_RUNPATH_SEARCH_PATHS = (
					"$(inherited)",
					"@executable_path/Frameworks",
				);
				MARKETING_VERSION = 1.0;
				PRODUCT_BUNDLE_IDENTIFIER = com.khamitov527.flixApp;
				PRODUCT_NAME = "$(TARGET_NAME)";
				SWIFT_EMIT_LOC_STRINGS = YES;
				SWIFT_VERSION = 5.0;
				TARGETED_DEVICE_FAMILY = "1,2";
			};
			name = Debug;
		};
		3E73B6BB27582269000B2D89 /* Release */ = {
			isa = XCBuildConfiguration;
			buildSettings = {
				ASSETCATALOG_COMPILER_APPICON_NAME = AppIcon;
				ASSETCATALOG_COMPILER_GLOBAL_ACCENT_COLOR_NAME = AccentColor;
				CODE_SIGN_STYLE = Automatic;
				CURRENT_PROJECT_VERSION = 1;
				DEVELOPMENT_TEAM = BZ49HJ6882;
				GENERATE_INFOPLIST_FILE = YES;
				INFOPLIST_FILE = flixApp/Info.plist;
				INFOPLIST_KEY_UIApplicationSupportsIndirectInputEvents = YES;
				INFOPLIST_KEY_UILaunchStoryboardName = LaunchScreen;
				INFOPLIST_KEY_UIMainStoryboardFile = Main;
				INFOPLIST_KEY_UISupportedInterfaceOrientations_iPad = "UIInterfaceOrientationPortrait UIInterfaceOrientationPortraitUpsideDown UIInterfaceOrientationLandscapeLeft UIInterfaceOrientationLandscapeRight";
				INFOPLIST_KEY_UISupportedInterfaceOrientations_iPhone = "UIInterfaceOrientationPortrait UIInterfaceOrientationLandscapeLeft UIInterfaceOrientationLandscapeRight";
				LD_RUNPATH_SEARCH_PATHS = (
					"$(inherited)",
					"@executable_path/Frameworks",
				);
				MARKETING_VERSION = 1.0;
				PRODUCT_BUNDLE_IDENTIFIER = com.khamitov527.flixApp;
				PRODUCT_NAME = "$(TARGET_NAME)";
				SWIFT_EMIT_LOC_STRINGS = YES;
				SWIFT_VERSION = 5.0;
				TARGETED_DEVICE_FAMILY = "1,2";
			};
			name = Release;
		};
		3E73B6BD27582269000B2D89 /* Debug */ = {
			isa = XCBuildConfiguration;
			buildSettings = {
				ALWAYS_EMBED_SWIFT_STANDARD_LIBRARIES = YES;
				BUNDLE_LOADER = "$(TEST_HOST)";
				CODE_SIGN_STYLE = Automatic;
				CURRENT_PROJECT_VERSION = 1;
				DEVELOPMENT_TEAM = BZ49HJ6882;
				GENERATE_INFOPLIST_FILE = YES;
				IPHONEOS_DEPLOYMENT_TARGET = 15.0;
				LD_RUNPATH_SEARCH_PATHS = (
					"$(inherited)",
					"@executable_path/Frameworks",
					"@loader_path/Frameworks",
				);
				MARKETING_VERSION = 1.0;
				PRODUCT_BUNDLE_IDENTIFIER = com.khamitov527.flixAppTests;
				PRODUCT_NAME = "$(TARGET_NAME)";
				SWIFT_EMIT_LOC_STRINGS = NO;
				SWIFT_VERSION = 5.0;
				TARGETED_DEVICE_FAMILY = "1,2";
				TEST_HOST = "$(BUILT_PRODUCTS_DIR)/flixApp.app/flixApp";
			};
			name = Debug;
		};
		3E73B6BE27582269000B2D89 /* Release */ = {
			isa = XCBuildConfiguration;
			buildSettings = {
				ALWAYS_EMBED_SWIFT_STANDARD_LIBRARIES = YES;
				BUNDLE_LOADER = "$(TEST_HOST)";
				CODE_SIGN_STYLE = Automatic;
				CURRENT_PROJECT_VERSION = 1;
				DEVELOPMENT_TEAM = BZ49HJ6882;
				GENERATE_INFOPLIST_FILE = YES;
				IPHONEOS_DEPLOYMENT_TARGET = 15.0;
				LD_RUNPATH_SEARCH_PATHS = (
					"$(inherited)",
					"@executable_path/Frameworks",
					"@loader_path/Frameworks",
				);
				MARKETING_VERSION = 1.0;
				PRODUCT_BUNDLE_IDENTIFIER = com.khamitov527.flixAppTests;
				PRODUCT_NAME = "$(TARGET_NAME)";
				SWIFT_EMIT_LOC_STRINGS = NO;
				SWIFT_VERSION = 5.0;
				TARGETED_DEVICE_FAMILY = "1,2";
				TEST_HOST = "$(BUILT_PRODUCTS_DIR)/flixApp.app/flixApp";
			};
			name = Release;
		};
		3E73B6C027582269000B2D89 /* Debug */ = {
			isa = XCBuildConfiguration;
			buildSettings = {
				ALWAYS_EMBED_SWIFT_STANDARD_LIBRARIES = YES;
				CODE_SIGN_STYLE = Automatic;
				CURRENT_PROJECT_VERSION = 1;
				DEVELOPMENT_TEAM = BZ49HJ6882;
				GENERATE_INFOPLIST_FILE = YES;
				LD_RUNPATH_SEARCH_PATHS = (
					"$(inherited)",
					"@executable_path/Frameworks",
					"@loader_path/Frameworks",
				);
				MARKETING_VERSION = 1.0;
				PRODUCT_BUNDLE_IDENTIFIER = com.khamitov527.flixAppUITests;
				PRODUCT_NAME = "$(TARGET_NAME)";
				SWIFT_EMIT_LOC_STRINGS = NO;
				SWIFT_VERSION = 5.0;
				TARGETED_DEVICE_FAMILY = "1,2";
				TEST_TARGET_NAME = flixApp;
			};
			name = Debug;
		};
		3E73B6C127582269000B2D89 /* Release */ = {
			isa = XCBuildConfiguration;
			buildSettings = {
				ALWAYS_EMBED_SWIFT_STANDARD_LIBRARIES = YES;
				CODE_SIGN_STYLE = Automatic;
				CURRENT_PROJECT_VERSION = 1;
				DEVELOPMENT_TEAM = BZ49HJ6882;
				GENERATE_INFOPLIST_FILE = YES;
				LD_RUNPATH_SEARCH_PATHS = (
					"$(inherited)",
					"@executable_path/Frameworks",
					"@loader_path/Frameworks",
				);
				MARKETING_VERSION = 1.0;
				PRODUCT_BUNDLE_IDENTIFIER = com.khamitov527.flixAppUITests;
				PRODUCT_NAME = "$(TARGET_NAME)";
				SWIFT_EMIT_LOC_STRINGS = NO;
				SWIFT_VERSION = 5.0;
				TARGETED_DEVICE_FAMILY = "1,2";
				TEST_TARGET_NAME = flixApp;
			};
			name = Release;
		};
/* End XCBuildConfiguration section */

/* Begin XCConfigurationList section */
		3E73B68A27582267000B2D89 /* Build configuration list for PBXProject "flixApp" */ = {
			isa = XCConfigurationList;
			buildConfigurations = (
				3E73B6B727582269000B2D89 /* Debug */,
				3E73B6B827582269000B2D89 /* Release */,
			);
			defaultConfigurationIsVisible = 0;
			defaultConfigurationName = Release;
		};
		3E73B6B927582269000B2D89 /* Build configuration list for PBXNativeTarget "flixApp" */ = {
			isa = XCConfigurationList;
			buildConfigurations = (
				3E73B6BA27582269000B2D89 /* Debug */,
				3E73B6BB27582269000B2D89 /* Release */,
			);
			defaultConfigurationIsVisible = 0;
			defaultConfigurationName = Release;
		};
		3E73B6BC27582269000B2D89 /* Build configuration list for PBXNativeTarget "flixAppTests" */ = {
			isa = XCConfigurationList;
			buildConfigurations = (
				3E73B6BD27582269000B2D89 /* Debug */,
				3E73B6BE27582269000B2D89 /* Release */,
			);
			defaultConfigurationIsVisible = 0;
			defaultConfigurationName = Release;
		};
		3E73B6BF27582269000B2D89 /* Build configuration list for PBXNativeTarget "flixAppUITests" */ = {
			isa = XCConfigurationList;
			buildConfigurations = (
				3E73B6C027582269000B2D89 /* Debug */,
				3E73B6C127582269000B2D89 /* Release */,
			);
			defaultConfigurationIsVisible = 0;
			defaultConfigurationName = Release;
		};
/* End XCConfigurationList section */
	};
	rootObject = 3E73B68727582267000B2D89 /* Project object */;
}
